
Microsoft Visual Studio Solution File, Format Version 12.00
# Visual Studio 15
VisualStudioVersion = 15.0.28307.329
MinimumVisualStudioVersion = 10.0.40219.1
Project("{FAE04EC0-301F-11D3-BF4B-00C04F79EFBC}") = "PanPlayground.Android", "PanPlayground\PanPlayground.Android\PanPlayground.Android.csproj", "{F84E445F-F25F-41DB-8D53-DACCC16BBAF6}"
EndProject
Project("{FAE04EC0-301F-11D3-BF4B-00C04F79EFBC}") = "PanPlayground.UWP", "PanPlayground\PanPlayground.UWP\PanPlayground.UWP.csproj", "{FA220857-9661-4AF0-8C6E-13EE46E5ADD5}"
EndProject
Project("{FAE04EC0-301F-11D3-BF4B-00C04F79EFBC}") = "PanPlayground", "PanPlayground\PanPlayground\PanPlayground.csproj", "{4E958064-E833-4FBB-A774-6EE0B2F4C9CB}"
EndProject
Global
	GlobalSection(SolutionConfigurationPlatforms) = preSolution
		Debug|Any CPU = Debug|Any CPU
		Debug|ARM = Debug|ARM
		Debug|x64 = Debug|x64
		Debug|x86 = Debug|x86
		Release|Any CPU = Release|Any CPU
		Release|ARM = Release|ARM
		Release|x64 = Release|x64
		Release|x86 = Release|x86
	EndGlobalSection
	GlobalSection(ProjectConfigurationPlatforms) = postSolution
		{F84E445F-F25F-41DB-8D53-DACCC16BBAF6}.Debug|Any CPU.ActiveCfg = Debug|Any CPU
		{F84E445F-F25F-41DB-8D53-DACCC16BBAF6}.Debug|Any CPU.Build.0 = Debug|Any CPU
		{F84E445F-F25F-41DB-8D53-DACCC16BBAF6}.Debug|Any CPU.Deploy.0 = Debug|Any CPU
		{F84E445F-F25F-41DB-8D53-DACCC16BBAF6}.Debug|ARM.ActiveCfg = Debug|Any CPU
		{F84E445F-F25F-41DB-8D53-DACCC16BBAF6}.Debug|ARM.Build.0 = Debug|Any CPU
		{F84E445F-F25F-41DB-8D53-DACCC16BBAF6}.Debug|ARM.Deploy.0 = Debug|Any CPU
		{F84E445F-F25F-41DB-8D53-DACCC16BBAF6}.Debug|x64.ActiveCfg = Debug|Any CPU
		{F84E445F-F25F-41DB-8D53-DACCC16BBAF6}.Debug|x64.Build.0 = Debug|Any CPU
		{F84E445F-F25F-41DB-8D53-DACCC16BBAF6}.Debug|x64.Deploy.0 = Debug|Any CPU
		{F84E445F-F25F-41DB-8D53-DACCC16BBAF6}.Debug|x86.ActiveCfg = Debug|Any CPU
		{F84E445F-F25F-41DB-8D53-DACCC16BBAF6}.Debug|x86.Build.0 = Debug|Any CPU
		{F84E445F-F25F-41DB-8D53-DACCC16BBAF6}.Debug|x86.Deploy.0 = Debug|Any CPU
		{F84E445F-F25F-41DB-8D53-DACCC16BBAF6}.Release|Any CPU.ActiveCfg = Release|Any CPU
		{F84E445F-F25F-41DB-8D53-DACCC16BBAF6}.Release|Any CPU.Build.0 = Release|Any CPU
		{F84E445F-F25F-41DB-8D53-DACCC16BBAF6}.Release|Any CPU.Deploy.0 = Release|Any CPU
		{F84E445F-F25F-41DB-8D53-DACCC16BBAF6}.Release|ARM.ActiveCfg = Release|Any CPU
		{F84E445F-F25F-41DB-8D53-DACCC16BBAF6}.Release|ARM.Build.0 = Release|Any CPU
		{F84E445F-F25F-41DB-8D53-DACCC16BBAF6}.Release|ARM.Deploy.0 = Release|Any CPU
		{F84E445F-F25F-41DB-8D53-DACCC16BBAF6}.Release|x64.ActiveCfg = Release|Any CPU
		{F84E445F-F25F-41DB-8D53-DACCC16BBAF6}.Release|x64.Build.0 = Release|Any CPU
		{F84E445F-F25F-41DB-8D53-DACCC16BBAF6}.Release|x64.Deploy.0 = Release|Any CPU
		{F84E445F-F25F-41DB-8D53-DACCC16BBAF6}.Release|x86.ActiveCfg = Release|Any CPU
		{F84E445F-F25F-41DB-8D53-DACCC16BBAF6}.Release|x86.Build.0 = Release|Any CPU
		{F84E445F-F25F-41DB-8D53-DACCC16BBAF6}.Release|x86.Deploy.0 = Release|Any CPU
		{FA220857-9661-4AF0-8C6E-13EE46E5ADD5}.Debug|Any CPU.ActiveCfg = Debug|x86
		{FA220857-9661-4AF0-8C6E-13EE46E5ADD5}.Debug|Any CPU.Build.0 = Debug|x86
		{FA220857-9661-4AF0-8C6E-13EE46E5ADD5}.Debug|Any CPU.Deploy.0 = Debug|x86
		{FA220857-9661-4AF0-8C6E-13EE46E5ADD5}.Debug|ARM.ActiveCfg = Debug|ARM
		{FA220857-9661-4AF0-8C6E-13EE46E5ADD5}.Debug|ARM.Build.0 = Debug|ARM
		{FA220857-9661-4AF0-8C6E-13EE46E5ADD5}.Debug|ARM.Deploy.0 = Debug|ARM
		{FA220857-9661-4AF0-8C6E-13EE46E5ADD5}.Debug|x64.ActiveCfg = Debug|x64
		{FA220857-9661-4AF0-8C6E-13EE46E5ADD5}.Debug|x64.Build.0 = Debug|x64
		{FA220857-9661-4AF0-8C6E-13EE46E5ADD5}.Debug|x64.Deploy.0 = Debug|x64
		{FA220857-9661-4AF0-8C6E-13EE46E5ADD5}.Debug|x86.ActiveCfg = Debug|x86
		{FA220857-9661-4AF0-8C6E-13EE46E5ADD5}.Debug|x86.Build.0 = Debug|x86
		{FA220857-9661-4AF0-8C6E-13EE46E5ADD5}.Debug|x86.Deploy.0 = Debug|x86
		{FA220857-9661-4AF0-8C6E-13EE46E5ADD5}.Release|Any CPU.ActiveCfg = Release|x86
		{FA220857-9661-4AF0-8C6E-13EE46E5ADD5}.Release|Any CPU.Build.0 = Release|x86
		{FA220857-9661-4AF0-8C6E-13EE46E5ADD5}.Release|Any CPU.Deploy.0 = Release|x86
		{FA220857-9661-4AF0-8C6E-13EE46E5ADD5}.Release|ARM.ActiveCfg = Release|ARM
		{FA220857-9661-4AF0-8C6E-13EE46E5ADD5}.Release|ARM.Build.0 = Release|ARM
		{FA220857-9661-4AF0-8C6E-13EE46E5ADD5}.Release|ARM.Deploy.0 = Release|ARM
		{FA220857-9661-4AF0-8C6E-13EE46E5ADD5}.Release|x64.ActiveCfg = Release|x64
		{FA220857-9661-4AF0-8C6E-13EE46E5ADD5}.Release|x64.Build.0 = Release|x64
		{FA220857-9661-4AF0-8C6E-13EE46E5ADD5}.Release|x64.Deploy.0 = Release|x64
		{FA220857-9661-4AF0-8C6E-13EE46E5ADD5}.Release|x86.ActiveCfg = Release|x86
		{FA220857-9661-4AF0-8C6E-13EE46E5ADD5}.Release|x86.Build.0 = Release|x86
		{FA220857-9661-4AF0-8C6E-13EE46E5ADD5}.Release|x86.Deploy.0 = Release|x86
		{4E958064-E833-4FBB-A774-6EE0B2F4C9CB}.Debug|Any CPU.ActiveCfg = Debug|Any CPU
		{4E958064-E833-4FBB-A774-6EE0B2F4C9CB}.Debug|Any CPU.Build.0 = Debug|Any CPU
		{4E958064-E833-4FBB-A774-6EE0B2F4C9CB}.Debug|Any CPU.Deploy.0 = Debug|Any CPU
		{4E958064-E833-4FBB-A774-6EE0B2F4C9CB}.Debug|ARM.ActiveCfg = Debug|Any CPU
		{4E958064-E833-4FBB-A774-6EE0B2F4C9CB}.Debug|ARM.Build.0 = Debug|Any CPU
		{4E958064-E833-4FBB-A774-6EE0B2F4C9CB}.Debug|ARM.Deploy.0 = Debug|Any CPU
		{4E958064-E833-4FBB-A774-6EE0B2F4C9CB}.Debug|x64.ActiveCfg = Debug|Any CPU
		{4E958064-E833-4FBB-A774-6EE0B2F4C9CB}.Debug|x64.Build.0 = Debug|Any CPU
		{4E958064-E833-4FBB-A774-6EE0B2F4C9CB}.Debug|x64.Deploy.0 = Debug|Any CPU
		{4E958064-E833-4FBB-A774-6EE0B2F4C9CB}.Debug|x86.ActiveCfg = Debug|Any CPU
		{4E958064-E833-4FBB-A774-6EE0B2F4C9CB}.Debug|x86.Build.0 = Debug|Any CPU
		{4E958064-E833-4FBB-A774-6EE0B2F4C9CB}.Debug|x86.Deploy.0 = Debug|Any CPU
		{4E958064-E833-4FBB-A774-6EE0B2F4C9CB}.Release|Any CPU.ActiveCfg = Release|Any CPU
		{4E958064-E833-4FBB-A774-6EE0B2F4C9CB}.Release|Any CPU.Build.0 = Release|Any CPU
		{4E958064-E833-4FBB-A774-6EE0B2F4C9CB}.Release|Any CPU.Deploy.0 = Release|Any CPU
		{4E958064-E833-4FBB-A774-6EE0B2F4C9CB}.Release|ARM.ActiveCfg = Release|Any CPU
		{4E958064-E833-4FBB-A774-6EE0B2F4C9CB}.Release|ARM.Build.0 = Release|Any CPU
		{4E958064-E833-4FBB-A774-6EE0B2F4C9CB}.Release|ARM.Deploy.0 = Release|Any CPU
		{4E958064-E833-4FBB-A774-6EE0B2F4C9CB}.Release|x64.ActiveCfg = Release|Any CPU
		{4E958064-E833-4FBB-A774-6EE0B2F4C9CB}.Release|x64.Build.0 = Release|Any CPU
		{4E958064-E833-4FBB-A774-6EE0B2F4C9CB}.Release|x64.Deploy.0 = Release|Any CPU
		{4E958064-E833-4FBB-A774-6EE0B2F4C9CB}.Release|x86.ActiveCfg = Release|Any CPU
		{4E958064-E833-4FBB-A774-6EE0B2F4C9CB}.Release|x86.Build.0 = Release|Any CPU
		{4E958064-E833-4FBB-A774-6EE0B2F4C9CB}.Release|x86.Deploy.0 = Release|Any CPU
	EndGlobalSection
	GlobalSection(SolutionProperties) = preSolution
		HideSolutionNode = FALSE
	EndGlobalSection
	GlobalSection(ExtensibilityGlobals) = postSolution
		SolutionGuid = {2923E0A8-4D1D-4CD2-9D77-0F54335EACA1}
	EndGlobalSection
EndGlobal
